
Microsoft Visual Studio Solution File, Format Version 12.00
# Visual Studio Version 17
VisualStudioVersion = 17.4.33403.182
MinimumVisualStudioVersion = 10.0.40219.1
Project("{FAE04EC0-301F-11D3-BF4B-00C04F79EFBC}") = "DesafioLuizaLabs", "DesafioLuizaLabs\DesafioLuizaLabs.csproj", "{9C0537ED-60DB-4229-BFFF-F0A6565FA472}"
EndProject
Global
	GlobalSection(SolutionConfigurationPlatforms) = preSolution
		Debug|Any CPU = Debug|Any CPU
		Release|Any CPU = Release|Any CPU
	EndGlobalSection
	GlobalSection(ProjectConfigurationPlatforms) = postSolution
		{9C0537ED-60DB-4229-BFFF-F0A6565FA472}.Debug|Any CPU.ActiveCfg = Debug|Any CPU
		{9C0537ED-60DB-4229-BFFF-F0A6565FA472}.Debug|Any CPU.Build.0 = Debug|Any CPU
		{9C0537ED-60DB-4229-BFFF-F0A6565FA472}.Release|Any CPU.ActiveCfg = Release|Any CPU
		{9C0537ED-60DB-4229-BFFF-F0A6565FA472}.Release|Any CPU.Build.0 = Release|Any CPU
	EndGlobalSection
	GlobalSection(SolutionProperties) = preSolution
		HideSolutionNode = FALSE
	EndGlobalSection
	GlobalSection(ExtensibilityGlobals) = postSolution
		SolutionGuid = {130E6C4E-9322-4E1B-A1F0-32D9FB7F6CB9}
	EndGlobalSection
EndGlobal
